# THIS IS AN AUTOGENERATED FILE. DO NOT EDIT THIS FILE DIRECTLY.
# yarn lockfile v1


fsevents@~2.3.2:
  version "2.3.2"
  resolved "https://registry.yarnpkg.com/fsevents/-/fsevents-2.3.2.tgz#8a526f78b8fdf4623b709e0b975c52c24c02fd1a"
  integrity sha512-xiqMQR4xAeHTuB9uWm+fFRcIOgKBMiOBP+eXiyT7jsgVCq1bkVygt00oASowB7EdtpOHaaPgKt812P9ab+DDKA==

rollup@^2.72.1:
  version "2.72.1"
  resolved "https://registry.yarnpkg.com/rollup/-/rollup-2.72.1.tgz#861c94790537b10008f0ca0fbc60e631aabdd045"
  integrity sha512-NTc5UGy/NWFGpSqF1lFY8z9Adri6uhyMLI6LvPAXdBKoPRFhIIiBUpt+Qg2awixqO3xvzSijjhnb4+QEZwJmxA==
  optionalDependencies:
    fsevents "~2.3.2"
